
Microsoft Visual Studio Solution File, Format Version 12.00
# Visual Studio Version 17
VisualStudioVersion = 17.13.35931.197
MinimumVisualStudioVersion = 10.0.40219.1
Project("{FAE04EC0-301F-11D3-BF4B-00C04F79EFBC}") = "ROHForum", "ROHForum\ROHForum.csproj", "{3B66C411-230F-4082-88E0-B67FD7701882}"
EndProject
Global
	GlobalSection(SolutionConfigurationPlatforms) = preSolution
		Debug|Any CPU = Debug|Any CPU
		Release|Any CPU = Release|Any CPU
	EndGlobalSection
	GlobalSection(ProjectConfigurationPlatforms) = postSolution
		{3B66C411-230F-4082-88E0-B67FD7701882}.Debug|Any CPU.ActiveCfg = Debug|Any CPU
		{3B66C411-230F-4082-88E0-B67FD7701882}.Debug|Any CPU.Build.0 = Debug|Any CPU
		{3B66C411-230F-4082-88E0-B67FD7701882}.Release|Any CPU.ActiveCfg = Release|Any CPU
		{3B66C411-230F-4082-88E0-B67FD7701882}.Release|Any CPU.Build.0 = Release|Any CPU
	EndGlobalSection
	GlobalSection(SolutionProperties) = preSolution
		HideSolutionNode = FALSE
	EndGlobalSection
	GlobalSection(ExtensibilityGlobals) = postSolution
		SolutionGuid = {12DCFC4A-8EF0-4BEC-8EB7-C90943F5CBE2}
	EndGlobalSection
EndGlobal
